{
  "version": 4,
  "terraform_version": "1.14.7",
  "serial": 4,
  "lineage": "f7d5ce60-59fd-016f-5b5c-3e7aeed9abb6",
  "outputs": {},
  "resources": [
    {
      "mode": "managed",
      "type": "aws_secretsmanager_secret",
      "name": "example",
      "provider": "provider[\"registry.terraform.io/hashicorp/aws\"]",
      "instances": [
        {
          "schema_version": 0,
          "attributes": {
            "arn": "arn:aws:secretsmanager:us-east-1:010438470772:secret:example-secret-2Htt0g",
            "description": "",
            "force_overwrite_replica_secret": false,
            "id": "arn:aws:secretsmanager:us-east-1:010438470772:secret:example-secret-2Htt0g",
            "kms_key_id": "",
            "name": "example-secret",
            "name_prefix": "",
            "policy": "",
            "recovery_window_in_days": 30,
            "region": "us-east-1",
            "replica": [],
            "tags": null,
            "tags_all": {}
          },
          "sensitive_attributes": [],
          "identity_schema_version": 0,
          "identity": {
            "arn": "arn:aws:secretsmanager:us-east-1:010438470772:secret:example-secret-2Htt0g"
          },
          "private": "bnVsbA=="
        }
      ]
    },
    {
      "mode": "managed",
      "type": "aws_secretsmanager_secret_version",
      "name": "example",
      "provider": "provider[\"registry.terraform.io/hashicorp/aws\"]",
      "instances": [
        {
          "schema_version": 0,
          "attributes": {
            "arn": "arn:aws:secretsmanager:us-east-1:010438470772:secret:example-secret-2Htt0g",
            "has_secret_string_wo": null,
            "id": "arn:aws:secretsmanager:us-east-1:010438470772:secret:example-secret-2Htt0g|terraform-20260411073859238500000002",
            "region": "us-east-1",
            "secret_binary": "",
            "secret_id": "arn:aws:secretsmanager:us-east-1:010438470772:secret:example-secret-2Htt0g",
            "secret_string": "{\"password\":\"MySecurePassword123!\",\"username\":\"admin\"}",
            "secret_string_wo": null,
            "secret_string_wo_version": null,
            "version_id": "terraform-20260411073859238500000002",
            "version_stages": [
              "AWSCURRENT"
            ]
          },
          "sensitive_attributes": [
            [
              {
                "type": "get_attr",
                "value": "secret_binary"
              }
            ],
            [
              {
                "type": "get_attr",
                "value": "secret_string"
              }
            ],
            [
              {
                "type": "get_attr",
                "value": "secret_string_wo"
              }
            ]
          ],
          "identity_schema_version": 0,
          "identity": {
            "account_id": "010438470772",
            "region": "us-east-1",
            "secret_id": "arn:aws:secretsmanager:us-east-1:010438470772:secret:example-secret-2Htt0g",
            "version_id": "terraform-20260411073859238500000002"
          },
          "private": "bnVsbA==",
          "dependencies": [
            "aws_secretsmanager_secret.example"
          ]
        }
      ]
    }
  ],
  "check_results": null
}
